# THIS IS AN AUTOGENERATED FILE. DO NOT EDIT THIS FILE DIRECTLY.
# yarn lockfile v1


ansi-sequence-parser@^1.1.0:
  version "1.1.0"
  resolved "https://registry.yarnpkg.com/ansi-sequence-parser/-/ansi-sequence-parser-1.1.0.tgz#4d790f31236ac20366b23b3916b789e1bde39aed"
  integrity sha512-lEm8mt52to2fT8GhciPCGeCXACSz2UwIN4X2e2LJSnZ5uAbn2/dsYdOmUXq0AtWS5cpAupysIneExOgH0Vd2TQ==

jsonc-parser@^3.2.0:
  version "3.2.0"
  resolved "https://registry.yarnpkg.com/jsonc-parser/-/jsonc-parser-3.2.0.tgz#31ff3f4c2b9793f89c67212627c51c6394f88e76"
  integrity sha512-gfFQZrcTc8CnKXp6Y4/CBT3fTc0OVuDofpre4aEeEpSBPV5X5v4+Vmx+8snU7RLPrNHPKSgLxGo9YuQzz20o+w==

shiki@^0.14.1:
  version "0.14.1"
  resolved "https://registry.yarnpkg.com/shiki/-/shiki-0.14.1.tgz#9fbe082d0a8aa2ad63df4fbf2ee11ec924aa7ee1"
  integrity sha512-+Jz4nBkCBe0mEDqo1eKRcCdjRtrCjozmcbTUjbPTX7OOJfEbTZzlUWlZtGe3Gb5oV1/jnojhG//YZc3rs9zSEw==
  dependencies:
    ansi-sequence-parser "^1.1.0"
    jsonc-parser "^3.2.0"
    vscode-oniguruma "^1.7.0"
    vscode-textmate "^8.0.0"

vscode-oniguruma@^1.7.0:
  version "1.7.0"
  resolved "https://registry.yarnpkg.com/vscode-oniguruma/-/vscode-oniguruma-1.7.0.tgz#439bfad8fe71abd7798338d1cd3dc53a8beea94b"
  integrity sha512-L9WMGRfrjOhgHSdOYgCt/yRMsXzLDJSL7BPrOZt73gU0iWO4mpqzqQzOz5srxqTvMBaR0XZTSrVWo4j55Rc6cA==

vscode-textmate@^8.0.0:
  version "8.0.0"
  resolved "https://registry.yarnpkg.com/vscode-textmate/-/vscode-textmate-8.0.0.tgz#2c7a3b1163ef0441097e0b5d6389cd5504b59e5d"
  integrity sha512-AFbieoL7a5LMqcnOF04ji+rpXadgOXnZsxQr//r83kLPr7biP7am3g9zbaZIaBGwBRWeSvoMD4mgPdX3e4NWBg==
